// !$*UTF8*$!
{
	archiveVersion = 1;
	classes = {
	};
	objectVersion = 60;
	objects = {

/* Begin PBXBuildFile section */
		A3C327D72C8F4F7100972AAC /* NavigationApp.swift in Sources */ = {isa = PBXBuildFile; fileRef = A3C327D62C8F4F7100972AAC /* NavigationApp.swift */; };
		A3C327D92C8F4F7100972AAC /* ProgrammaticNavigation.swift in Sources */ = {isa = PBXBuildFile; fileRef = A3C327D82C8F4F7100972AAC /* ProgrammaticNavigation.swift */; };
		A3C327DB2C8F4F7300972AAC /* Assets.xcassets in Resources */ = {isa = PBXBuildFile; fileRef = A3C327DA2C8F4F7300972AAC /* Assets.xcassets */; };
		A3C327DE2C8F4F7300972AAC /* Preview Assets.xcassets in Resources */ = {isa = PBXBuildFile; fileRef = A3C327DD2C8F4F7300972AAC /* Preview Assets.xcassets */; };
		A3C327E82C8F4F7300972AAC /* NavigationTests.swift in Sources */ = {isa = PBXBuildFile; fileRef = A3C327E72C8F4F7300972AAC /* NavigationTests.swift */; };
		A3C327F22C8F4F7300972AAC /* NavigationUITests.swift in Sources */ = {isa = PBXBuildFile; fileRef = A3C327F12C8F4F7300972AAC /* NavigationUITests.swift */; };
		A3C327F42C8F4F7300972AAC /* NavigationUITestsLaunchTests.swift in Sources */ = {isa = PBXBuildFile; fileRef = A3C327F32C8F4F7300972AAC /* NavigationUITestsLaunchTests.swift */; };
		A3C328012C8F52D100972AAC /* ProgrammaticNavigationTwo.swift in Sources */ = {isa = PBXBuildFile; fileRef = A3C328002C8F52D100972AAC /* ProgrammaticNavigationTwo.swift */; };
		A3C328032C8F554700972AAC /* TravellingBackToRootView.swift in Sources */ = {isa = PBXBuildFile; fileRef = A3C328022C8F554700972AAC /* TravellingBackToRootView.swift */; };
		A3C328052C91A96900972AAC /* UsingCodableWithPaths.swift in Sources */ = {isa = PBXBuildFile; fileRef = A3C328042C91A96900972AAC /* UsingCodableWithPaths.swift */; };
		A3C328072C91AEE100972AAC /* CustomisingNavBar.swift in Sources */ = {isa = PBXBuildFile; fileRef = A3C328062C91AEE100972AAC /* CustomisingNavBar.swift */; };
		A3C328092C91B8B200972AAC /* EditableNavTitle.swift in Sources */ = {isa = PBXBuildFile; fileRef = A3C328082C91B8B200972AAC /* EditableNavTitle.swift */; };
/* End PBXBuildFile section */

/* Begin PBXContainerItemProxy section */
		A3C327E42C8F4F7300972AAC /* PBXContainerItemProxy */ = {
			isa = PBXContainerItemProxy;
			containerPortal = A3C327CB2C8F4F7100972AAC /* Project object */;
			proxyType = 1;
			remoteGlobalIDString = A3C327D22C8F4F7100972AAC;
			remoteInfo = Navigation;
		};
		A3C327EE2C8F4F7300972AAC /* PBXContainerItemProxy */ = {
			isa = PBXContainerItemProxy;
			containerPortal = A3C327CB2C8F4F7100972AAC /* Project object */;
			proxyType = 1;
			remoteGlobalIDString = A3C327D22C8F4F7100972AAC;
			remoteInfo = Navigation;
		};
/* End PBXContainerItemProxy section */

/* Begin PBXFileReference section */
		A3C327D32C8F4F7100972AAC /* Navigation.app */ = {isa = PBXFileReference; explicitFileType = wrapper.application; includeInIndex = 0; path = Navigation.app; sourceTree = BUILT_PRODUCTS_DIR; };
		A3C327D62C8F4F7100972AAC /* NavigationApp.swift */ = {isa = PBXFileReference; lastKnownFileType = sourcecode.swift; path = NavigationApp.swift; sourceTree = "<group>"; };
		A3C327D82C8F4F7100972AAC /* ProgrammaticNavigation.swift */ = {isa = PBXFileReference; lastKnownFileType = sourcecode.swift; path = ProgrammaticNavigation.swift; sourceTree = "<group>"; };
		A3C327DA2C8F4F7300972AAC /* Assets.xcassets */ = {isa = PBXFileReference; lastKnownFileType = folder.assetcatalog; path = Assets.xcassets; sourceTree = "<group>"; };
		A3C327DD2C8F4F7300972AAC /* Preview Assets.xcassets */ = {isa = PBXFileReference; lastKnownFileType = folder.assetcatalog; path = "Preview Assets.xcassets"; sourceTree = "<group>"; };
		A3C327E32C8F4F7300972AAC /* NavigationTests.xctest */ = {isa = PBXFileReference; explicitFileType = wrapper.cfbundle; includeInIndex = 0; path = NavigationTests.xctest; sourceTree = BUILT_PRODUCTS_DIR; };
		A3C327E72C8F4F7300972AAC /* NavigationTests.swift */ = {isa = PBXFileReference; lastKnownFileType = sourcecode.swift; path = NavigationTests.swift; sourceTree = "<group>"; };
		A3C327ED2C8F4F7300972AAC /* NavigationUITests.xctest */ = {isa = PBXFileReference; explicitFileType = wrapper.cfbundle; includeInIndex = 0; path = NavigationUITests.xctest; sourceTree = BUILT_PRODUCTS_DIR; };
		A3C327F12C8F4F7300972AAC /* NavigationUITests.swift */ = {isa = PBXFileReference; lastKnownFileType = sourcecode.swift; path = NavigationUITests.swift; sourceTree = "<group>"; };
		A3C327F32C8F4F7300972AAC /* NavigationUITestsLaunchTests.swift */ = {isa = PBXFileReference; lastKnownFileType = sourcecode.swift; path = NavigationUITestsLaunchTests.swift; sourceTree = "<group>"; };
		A3C328002C8F52D100972AAC /* ProgrammaticNavigationTwo.swift */ = {isa = PBXFileReference; lastKnownFileType = sourcecode.swift; path = ProgrammaticNavigationTwo.swift; sourceTree = "<group>"; };
		A3C328022C8F554700972AAC /* TravellingBackToRootView.swift */ = {isa = PBXFileReference; lastKnownFileType = sourcecode.swift; path = TravellingBackToRootView.swift; sourceTree = "<group>"; };
		A3C328042C91A96900972AAC /* UsingCodableWithPaths.swift */ = {isa = PBXFileReference; lastKnownFileType = sourcecode.swift; path = UsingCodableWithPaths.swift; sourceTree = "<group>"; };
		A3C328062C91AEE100972AAC /* CustomisingNavBar.swift */ = {isa = PBXFileReference; lastKnownFileType = sourcecode.swift; path = CustomisingNavBar.swift; sourceTree = "<group>"; };
		A3C328082C91B8B200972AAC /* EditableNavTitle.swift */ = {isa = PBXFileReference; lastKnownFileType = sourcecode.swift; path = EditableNavTitle.swift; sourceTree = "<group>"; };
/* End PBXFileReference section */

/* Begin PBXFrameworksBuildPhase section */
		A3C327D02C8F4F7100972AAC /* Frameworks */ = {
			isa = PBXFrameworksBuildPhase;
			buildActionMask = 2147483647;
			files = (
			);
			runOnlyForDeploymentPostprocessing = 0;
		};
		A3C327E02C8F4F7300972AAC /* Frameworks */ = {
			isa = PBXFrameworksBuildPhase;
			buildActionMask = 2147483647;
			files = (
			);
			runOnlyForDeploymentPostprocessing = 0;
		};
		A3C327EA2C8F4F7300972AAC /* Frameworks */ = {
			isa = PBXFrameworksBuildPhase;
			buildActionMask = 2147483647;
			files = (
			);
			runOnlyForDeploymentPostprocessing = 0;
		};
/* End PBXFrameworksBuildPhase section */

/* Begin PBXGroup section */
		A3C327CA2C8F4F7000972AAC = {
			isa = PBXGroup;
			children = (
				A3C327D52C8F4F7100972AAC /* Navigation */,
				A3C327E62C8F4F7300972AAC /* NavigationTests */,
				A3C327F02C8F4F7300972AAC /* NavigationUITests */,
				A3C327D42C8F4F7100972AAC /* Products */,
			);
			sourceTree = "<group>";
		};
		A3C327D42C8F4F7100972AAC /* Products */ = {
			isa = PBXGroup;
			children = (
				A3C327D32C8F4F7100972AAC /* Navigation.app */,
				A3C327E32C8F4F7300972AAC /* NavigationTests.xctest */,
				A3C327ED2C8F4F7300972AAC /* NavigationUITests.xctest */,
			);
			name = Products;
			sourceTree = "<group>";
		};
		A3C327D52C8F4F7100972AAC /* Navigation */ = {
			isa = PBXGroup;
			children = (
				A3C327D62C8F4F7100972AAC /* NavigationApp.swift */,
				A3C327D82C8F4F7100972AAC /* ProgrammaticNavigation.swift */,
				A3C328002C8F52D100972AAC /* ProgrammaticNavigationTwo.swift */,
				A3C328022C8F554700972AAC /* TravellingBackToRootView.swift */,
				A3C328042C91A96900972AAC /* UsingCodableWithPaths.swift */,
				A3C328062C91AEE100972AAC /* CustomisingNavBar.swift */,
				A3C328082C91B8B200972AAC /* EditableNavTitle.swift */,
				A3C327DA2C8F4F7300972AAC /* Assets.xcassets */,
				A3C327DC2C8F4F7300972AAC /* Preview Content */,
			);
			path = Navigation;
			sourceTree = "<group>";
		};
		A3C327DC2C8F4F7300972AAC /* Preview Content */ = {
			isa = PBXGroup;
			children = (
				A3C327DD2C8F4F7300972AAC /* Preview Assets.xcassets */,
			);
			path = "Preview Content";
			sourceTree = "<group>";
		};
		A3C327E62C8F4F7300972AAC /* NavigationTests */ = {
			isa = PBXGroup;
			children = (
				A3C327E72C8F4F7300972AAC /* NavigationTests.swift */,
			);
			path = NavigationTests;
			sourceTree = "<group>";
		};
		A3C327F02C8F4F7300972AAC /* NavigationUITests */ = {
			isa = PBXGroup;
			children = (
				A3C327F12C8F4F7300972AAC /* NavigationUITests.swift */,
				A3C327F32C8F4F7300972AAC /* NavigationUITestsLaunchTests.swift */,
			);
			path = NavigationUITests;
			sourceTree = "<group>";
		};
/* End PBXGroup section */

/* Begin PBXNativeTarget section */
		A3C327D22C8F4F7100972AAC /* Navigation */ = {
			isa = PBXNativeTarget;
			buildConfigurationList = A3C327F72C8F4F7300972AAC /* Build configuration list for PBXNativeTarget "Navigation" */;
			buildPhases = (
				A3C327CF2C8F4F7100972AAC /* Sources */,
				A3C327D02C8F4F7100972AAC /* Frameworks */,
				A3C327D12C8F4F7100972AAC /* Resources */,
			);
			buildRules = (
			);
			dependencies = (
			);
			name = Navigation;
			productName = Navigation;
			productReference = A3C327D32C8F4F7100972AAC /* Navigation.app */;
			productType = "com.apple.product-type.application";
		};
		A3C327E22C8F4F7300972AAC /* NavigationTests */ = {
			isa = PBXNativeTarget;
			buildConfigurationList = A3C327FA2C8F4F7300972AAC /* Build configuration list for PBXNativeTarget "NavigationTests" */;
			buildPhases = (
				A3C327DF2C8F4F7300972AAC /* Sources */,
				A3C327E02C8F4F7300972AAC /* Frameworks */,
				A3C327E12C8F4F7300972AAC /* Resources */,
			);
			buildRules = (
			);
			dependencies = (
				A3C327E52C8F4F7300972AAC /* PBXTargetDependency */,
			);
			name = NavigationTests;
			productName = NavigationTests;
			productReference = A3C327E32C8F4F7300972AAC /* NavigationTests.xctest */;
			productType = "com.apple.product-type.bundle.unit-test";
		};
		A3C327EC2C8F4F7300972AAC /* NavigationUITests */ = {
			isa = PBXNativeTarget;
			buildConfigurationList = A3C327FD2C8F4F7300972AAC /* Build configuration list for PBXNativeTarget "NavigationUITests" */;
			buildPhases = (
				A3C327E92C8F4F7300972AAC /* Sources */,
				A3C327EA2C8F4F7300972AAC /* Frameworks */,
				A3C327EB2C8F4F7300972AAC /* Resources */,
			);
			buildRules = (
			);
			dependencies = (
				A3C327EF2C8F4F7300972AAC /* PBXTargetDependency */,
			);
			name = NavigationUITests;
			productName = NavigationUITests;
			productReference = A3C327ED2C8F4F7300972AAC /* NavigationUITests.xctest */;
			productType = "com.apple.product-type.bundle.ui-testing";
		};
/* End PBXNativeTarget section */

/* Begin PBXProject section */
		A3C327CB2C8F4F7100972AAC /* Project object */ = {
			isa = PBXProject;
			attributes = {
				BuildIndependentTargetsInParallel = 1;
				LastSwiftUpdateCheck = 1600;
				LastUpgradeCheck = 1600;
				TargetAttributes = {
					A3C327D22C8F4F7100972AAC = {
						CreatedOnToolsVersion = 16.0;
					};
					A3C327E22C8F4F7300972AAC = {
						CreatedOnToolsVersion = 16.0;
						TestTargetID = A3C327D22C8F4F7100972AAC;
					};
					A3C327EC2C8F4F7300972AAC = {
						CreatedOnToolsVersion = 16.0;
						TestTargetID = A3C327D22C8F4F7100972AAC;
					};
				};
			};
			buildConfigurationList = A3C327CE2C8F4F7100972AAC /* Build configuration list for PBXProject "Navigation" */;
			compatibilityVersion = "Xcode 15.0";
			developmentRegion = en;
			hasScannedForEncodings = 0;
			knownRegions = (
				en,
				Base,
			);
			mainGroup = A3C327CA2C8F4F7000972AAC;
			productRefGroup = A3C327D42C8F4F7100972AAC /* Products */;
			projectDirPath = "";
			projectRoot = "";
			targets = (
				A3C327D22C8F4F7100972AAC /* Navigation */,
				A3C327E22C8F4F7300972AAC /* NavigationTests */,
				A3C327EC2C8F4F7300972AAC /* NavigationUITests */,
			);
		};
/* End PBXProject section */

/* Begin PBXResourcesBuildPhase section */
		A3C327D12C8F4F7100972AAC /* Resources */ = {
			isa = PBXResourcesBuildPhase;
			buildActionMask = 2147483647;
			files = (
				A3C327DE2C8F4F7300972AAC /* Preview Assets.xcassets in Resources */,
				A3C327DB2C8F4F7300972AAC /* Assets.xcassets in Resources */,
			);
			runOnlyForDeploymentPostprocessing = 0;
		};
		A3C327E12C8F4F7300972AAC /* Resources */ = {
			isa = PBXResourcesBuildPhase;
			buildActionMask = 2147483647;
			files = (
			);
			runOnlyForDeploymentPostprocessing = 0;
		};
		A3C327EB2C8F4F7300972AAC /* Resources */ = {
			isa = PBXResourcesBuildPhase;
			buildActionMask = 2147483647;
			files = (
			);
			runOnlyForDeploymentPostprocessing = 0;
		};
/* End PBXResourcesBuildPhase section */

/* Begin PBXSourcesBuildPhase section */
		A3C327CF2C8F4F7100972AAC /* Sources */ = {
			isa = PBXSourcesBuildPhase;
			buildActionMask = 2147483647;
			files = (
				A3C328092C91B8B200972AAC /* EditableNavTitle.swift in Sources */,
				A3C328032C8F554700972AAC /* TravellingBackToRootView.swift in Sources */,
				A3C327D92C8F4F7100972AAC /* ProgrammaticNavigation.swift in Sources */,
				A3C327D72C8F4F7100972AAC /* NavigationApp.swift in Sources */,
				A3C328012C8F52D100972AAC /* ProgrammaticNavigationTwo.swift in Sources */,
				A3C328052C91A96900972AAC /* UsingCodableWithPaths.swift in Sources */,
				A3C328072C91AEE100972AAC /* CustomisingNavBar.swift in Sources */,
			);
			runOnlyForDeploymentPostprocessing = 0;
		};
		A3C327DF2C8F4F7300972AAC /* Sources */ = {
			isa = PBXSourcesBuildPhase;
			buildActionMask = 2147483647;
			files = (
				A3C327E82C8F4F7300972AAC /* NavigationTests.swift in Sources */,
			);
			runOnlyForDeploymentPostprocessing = 0;
		};
		A3C327E92C8F4F7300972AAC /* Sources */ = {
			isa = PBXSourcesBuildPhase;
			buildActionMask = 2147483647;
			files = (
				A3C327F42C8F4F7300972AAC /* NavigationUITestsLaunchTests.swift in Sources */,
				A3C327F22C8F4F7300972AAC /* NavigationUITests.swift in Sources */,
			);
			runOnlyForDeploymentPostprocessing = 0;
		};
/* End PBXSourcesBuildPhase section */

/* Begin PBXTargetDependency section */
		A3C327E52C8F4F7300972AAC /* PBXTargetDependency */ = {
			isa = PBXTargetDependency;
			target = A3C327D22C8F4F7100972AAC /* Navigation */;
			targetProxy = A3C327E42C8F4F7300972AAC /* PBXContainerItemProxy */;
		};
		A3C327EF2C8F4F7300972AAC /* PBXTargetDependency */ = {
			isa = PBXTargetDependency;
			target = A3C327D22C8F4F7100972AAC /* Navigation */;
			targetProxy = A3C327EE2C8F4F7300972AAC /* PBXContainerItemProxy */;
		};
/* End PBXTargetDependency section */

/* Begin XCBuildConfiguration section */
		A3C327F52C8F4F7300972AAC /* Debug */ = {
			isa = XCBuildConfiguration;
			buildSettings = {
				ALWAYS_SEARCH_USER_PATHS = NO;
				ASSETCATALOG_COMPILER_GENERATE_SWIFT_ASSET_SYMBOL_EXTENSIONS = YES;
				CLANG_ANALYZER_NONNULL = YES;
				CLANG_ANALYZER_NUMBER_OBJECT_CONVERSION = YES_AGGRESSIVE;
				CLANG_CXX_LANGUAGE_STANDARD = "gnu++20";
				CLANG_ENABLE_MODULES = YES;
				CLANG_ENABLE_OBJC_ARC = YES;
				CLANG_ENABLE_OBJC_WEAK = YES;
				CLANG_WARN_BLOCK_CAPTURE_AUTORELEASING = YES;
				CLANG_WARN_BOOL_CONVERSION = YES;
				CLANG_WARN_COMMA = YES;
				CLANG_WARN_CONSTANT_CONVERSION = YES;
				CLANG_WARN_DEPRECATED_OBJC_IMPLEMENTATIONS = YES;
				CLANG_WARN_DIRECT_OBJC_ISA_USAGE = YES_ERROR;
				CLANG_WARN_DOCUMENTATION_COMMENTS = YES;
				CLANG_WARN_EMPTY_BODY = YES;
				CLANG_WARN_ENUM_CONVERSION = YES;
				CLANG_WARN_INFINITE_RECURSION = YES;
				CLANG_WARN_INT_CONVERSION = YES;
				CLANG_WARN_NON_LITERAL_NULL_CONVERSION = YES;
				CLANG_WARN_OBJC_IMPLICIT_RETAIN_SELF = YES;
				CLANG_WARN_OBJC_LITERAL_CONVERSION = YES;
				CLANG_WARN_OBJC_ROOT_CLASS = YES_ERROR;
				CLANG_WARN_QUOTED_INCLUDE_IN_FRAMEWORK_HEADER = YES;
				CLANG_WARN_RANGE_LOOP_ANALYSIS = YES;
				CLANG_WARN_STRICT_PROTOTYPES = YES;
				CLANG_WARN_SUSPICIOUS_MOVE = YES;
				CLANG_WARN_UNGUARDED_AVAILABILITY = YES_AGGRESSIVE;
				CLANG_WARN_UNREACHABLE_CODE = YES;
				CLANG_WARN__DUPLICATE_METHOD_MATCH = YES;
				COPY_PHASE_STRIP = NO;
				DEBUG_INFORMATION_FORMAT = dwarf;
				ENABLE_STRICT_OBJC_MSGSEND = YES;
				ENABLE_TESTABILITY = YES;
				ENABLE_USER_SCRIPT_SANDBOXING = YES;
				GCC_C_LANGUAGE_STANDARD = gnu17;
				GCC_DYNAMIC_NO_PIC = NO;
				GCC_NO_COMMON_BLOCKS = YES;
				GCC_OPTIMIZATION_LEVEL = 0;
				GCC_PREPROCESSOR_DEFINITIONS = (
					"DEBUG=1",
					"$(inherited)",
				);
				GCC_WARN_64_TO_32_BIT_CONVERSION = YES;
				GCC_WARN_ABOUT_RETURN_TYPE = YES_ERROR;
				GCC_WARN_UNDECLARED_SELECTOR = YES;
				GCC_WARN_UNINITIALIZED_AUTOS = YES_AGGRESSIVE;
				GCC_WARN_UNUSED_FUNCTION = YES;
				GCC_WARN_UNUSED_VARIABLE = YES;
				IPHONEOS_DEPLOYMENT_TARGET = 18.0;
				LOCALIZATION_PREFERS_STRING_CATALOGS = YES;
				MTL_ENABLE_DEBUG_INFO = INCLUDE_SOURCE;
				MTL_FAST_MATH = YES;
				ONLY_ACTIVE_ARCH = YES;
				SDKROOT = iphoneos;
				SWIFT_ACTIVE_COMPILATION_CONDITIONS = "DEBUG $(inherited)";
				SWIFT_OPTIMIZATION_LEVEL = "-Onone";
			};
			name = Debug;
		};
		A3C327F62C8F4F7300972AAC /* Release */ = {
			isa = XCBuildConfiguration;
			buildSettings = {
				ALWAYS_SEARCH_USER_PATHS = NO;
				ASSETCATALOG_COMPILER_GENERATE_SWIFT_ASSET_SYMBOL_EXTENSIONS = YES;
				CLANG_ANALYZER_NONNULL = YES;
				CLANG_ANALYZER_NUMBER_OBJECT_CONVERSION = YES_AGGRESSIVE;
				CLANG_CXX_LANGUAGE_STANDARD = "gnu++20";
				CLANG_ENABLE_MODULES = YES;
				CLANG_ENABLE_OBJC_ARC = YES;
				CLANG_ENABLE_OBJC_WEAK = YES;
				CLANG_WARN_BLOCK_CAPTURE_AUTORELEASING = YES;
				CLANG_WARN_BOOL_CONVERSION = YES;
				CLANG_WARN_COMMA = YES;
				CLANG_WARN_CONSTANT_CONVERSION = YES;
				CLANG_WARN_DEPRECATED_OBJC_IMPLEMENTATIONS = YES;
				CLANG_WARN_DIRECT_OBJC_ISA_USAGE = YES_ERROR;
				CLANG_WARN_DOCUMENTATION_COMMENTS = YES;
				CLANG_WARN_EMPTY_BODY = YES;
				CLANG_WARN_ENUM_CONVERSION = YES;
				CLANG_WARN_INFINITE_RECURSION = YES;
				CLANG_WARN_INT_CONVERSION = YES;
				CLANG_WARN_NON_LITERAL_NULL_CONVERSION = YES;
				CLANG_WARN_OBJC_IMPLICIT_RETAIN_SELF = YES;
				CLANG_WARN_OBJC_LITERAL_CONVERSION = YES;
				CLANG_WARN_OBJC_ROOT_CLASS = YES_ERROR;
				CLANG_WARN_QUOTED_INCLUDE_IN_FRAMEWORK_HEADER = YES;
				CLANG_WARN_RANGE_LOOP_ANALYSIS = YES;
				CLANG_WARN_STRICT_PROTOTYPES = YES;
				CLANG_WARN_SUSPICIOUS_MOVE = YES;
				CLANG_WARN_UNGUARDED_AVAILABILITY = YES_AGGRESSIVE;
				CLANG_WARN_UNREACHABLE_CODE = YES;
				CLANG_WARN__DUPLICATE_METHOD_MATCH = YES;
				COPY_PHASE_STRIP = NO;
				DEBUG_INFORMATION_FORMAT = "dwarf-with-dsym";
				ENABLE_NS_ASSERTIONS = NO;
				ENABLE_STRICT_OBJC_MSGSEND = YES;
				ENABLE_USER_SCRIPT_SANDBOXING = YES;
				GCC_C_LANGUAGE_STANDARD = gnu17;
				GCC_NO_COMMON_BLOCKS = YES;
				GCC_WARN_64_TO_32_BIT_CONVERSION = YES;
				GCC_WARN_ABOUT_RETURN_TYPE = YES_ERROR;
				GCC_WARN_UNDECLARED_SELECTOR = YES;
				GCC_WARN_UNINITIALIZED_AUTOS = YES_AGGRESSIVE;
				GCC_WARN_UNUSED_FUNCTION = YES;
				GCC_WARN_UNUSED_VARIABLE = YES;
				IPHONEOS_DEPLOYMENT_TARGET = 18.0;
				LOCALIZATION_PREFERS_STRING_CATALOGS = YES;
				MTL_ENABLE_DEBUG_INFO = NO;
				MTL_FAST_MATH = YES;
				SDKROOT = iphoneos;
				SWIFT_COMPILATION_MODE = wholemodule;
				VALIDATE_PRODUCT = YES;
			};
			name = Release;
		};
		A3C327F82C8F4F7300972AAC /* Debug */ = {
			isa = XCBuildConfiguration;
			buildSettings = {
				ASSETCATALOG_COMPILER_APPICON_NAME = AppIcon;
				ASSETCATALOG_COMPILER_GLOBAL_ACCENT_COLOR_NAME = AccentColor;
				CODE_SIGN_STYLE = Automatic;
				CURRENT_PROJECT_VERSION = 1;
				DEVELOPMENT_ASSET_PATHS = "\"Navigation/Preview Content\"";
				DEVELOPMENT_TEAM = DG4449RVDY;
				ENABLE_PREVIEWS = YES;
				GENERATE_INFOPLIST_FILE = YES;
				INFOPLIST_KEY_UIApplicationSceneManifest_Generation = YES;
				INFOPLIST_KEY_UIApplicationSupportsIndirectInputEvents = YES;
				INFOPLIST_KEY_UILaunchScreen_Generation = YES;
				INFOPLIST_KEY_UISupportedInterfaceOrientations_iPad = "UIInterfaceOrientationPortrait UIInterfaceOrientationPortraitUpsideDown UIInterfaceOrientationLandscapeLeft UIInterfaceOrientationLandscapeRight";
				INFOPLIST_KEY_UISupportedInterfaceOrientations_iPhone = "UIInterfaceOrientationPortrait UIInterfaceOrientationLandscapeLeft UIInterfaceOrientationLandscapeRight";
				LD_RUNPATH_SEARCH_PATHS = (
					"$(inherited)",
					"@executable_path/Frameworks",
				);
				MARKETING_VERSION = 1.0;
				PRODUCT_BUNDLE_IDENTIFIER = com.gc.Navigation;
				PRODUCT_NAME = "$(TARGET_NAME)";
				SWIFT_EMIT_LOC_STRINGS = YES;
				SWIFT_VERSION = 5.0;
				TARGETED_DEVICE_FAMILY = "1,2";
			};
			name = Debug;
		};
		A3C327F92C8F4F7300972AAC /* Release */ = {
			isa = XCBuildConfiguration;
			buildSettings = {
				ASSETCATALOG_COMPILER_APPICON_NAME = AppIcon;
				ASSETCATALOG_COMPILER_GLOBAL_ACCENT_COLOR_NAME = AccentColor;
				CODE_SIGN_STYLE = Automatic;
				CURRENT_PROJECT_VERSION = 1;
				DEVELOPMENT_ASSET_PATHS = "\"Navigation/Preview Content\"";
				DEVELOPMENT_TEAM = DG4449RVDY;
				ENABLE_PREVIEWS = YES;
				GENERATE_INFOPLIST_FILE = YES;
				INFOPLIST_KEY_UIApplicationSceneManifest_Generation = YES;
				INFOPLIST_KEY_UIApplicationSupportsIndirectInputEvents = YES;
				INFOPLIST_KEY_UILaunchScreen_Generation = YES;
				INFOPLIST_KEY_UISupportedInterfaceOrientations_iPad = "UIInterfaceOrientationPortrait UIInterfaceOrientationPortraitUpsideDown UIInterfaceOrientationLandscapeLeft UIInterfaceOrientationLandscapeRight";
				INFOPLIST_KEY_UISupportedInterfaceOrientations_iPhone = "UIInterfaceOrientationPortrait UIInterfaceOrientationLandscapeLeft UIInterfaceOrientationLandscapeRight";
				LD_RUNPATH_SEARCH_PATHS = (
					"$(inherited)",
					"@executable_path/Frameworks",
				);
				MARKETING_VERSION = 1.0;
				PRODUCT_BUNDLE_IDENTIFIER = com.gc.Navigation;
				PRODUCT_NAME = "$(TARGET_NAME)";
				SWIFT_EMIT_LOC_STRINGS = YES;
				SWIFT_VERSION = 5.0;
				TARGETED_DEVICE_FAMILY = "1,2";
			};
			name = Release;
		};
		A3C327FB2C8F4F7300972AAC /* Debug */ = {
			isa = XCBuildConfiguration;
			buildSettings = {
				BUNDLE_LOADER = "$(TEST_HOST)";
				CODE_SIGN_STYLE = Automatic;
				CURRENT_PROJECT_VERSION = 1;
				DEVELOPMENT_TEAM = DG4449RVDY;
				GENERATE_INFOPLIST_FILE = YES;
				IPHONEOS_DEPLOYMENT_TARGET = 18.0;
				MARKETING_VERSION = 1.0;
				PRODUCT_BUNDLE_IDENTIFIER = com.gc.NavigationTests;
				PRODUCT_NAME = "$(TARGET_NAME)";
				SWIFT_EMIT_LOC_STRINGS = NO;
				SWIFT_VERSION = 5.0;
				TARGETED_DEVICE_FAMILY = "1,2";
				TEST_HOST = "$(BUILT_PRODUCTS_DIR)/Navigation.app/$(BUNDLE_EXECUTABLE_FOLDER_PATH)/Navigation";
			};
			name = Debug;
		};
		A3C327FC2C8F4F7300972AAC /* Release */ = {
			isa = XCBuildConfiguration;
			buildSettings = {
				BUNDLE_LOADER = "$(TEST_HOST)";
				CODE_SIGN_STYLE = Automatic;
				CURRENT_PROJECT_VERSION = 1;
				DEVELOPMENT_TEAM = DG4449RVDY;
				GENERATE_INFOPLIST_FILE = YES;
				IPHONEOS_DEPLOYMENT_TARGET = 18.0;
				MARKETING_VERSION = 1.0;
				PRODUCT_BUNDLE_IDENTIFIER = com.gc.NavigationTests;
				PRODUCT_NAME = "$(TARGET_NAME)";
				SWIFT_EMIT_LOC_STRINGS = NO;
				SWIFT_VERSION = 5.0;
				TARGETED_DEVICE_FAMILY = "1,2";
				TEST_HOST = "$(BUILT_PRODUCTS_DIR)/Navigation.app/$(BUNDLE_EXECUTABLE_FOLDER_PATH)/Navigation";
			};
			name = Release;
		};
		A3C327FE2C8F4F7300972AAC /* Debug */ = {
			isa = XCBuildConfiguration;
			buildSettings = {
				CODE_SIGN_STYLE = Automatic;
				CURRENT_PROJECT_VERSION = 1;
				DEVELOPMENT_TEAM = DG4449RVDY;
				GENERATE_INFOPLIST_FILE = YES;
				MARKETING_VERSION = 1.0;
				PRODUCT_BUNDLE_IDENTIFIER = com.gc.NavigationUITests;
				PRODUCT_NAME = "$(TARGET_NAME)";
				SWIFT_EMIT_LOC_STRINGS = NO;
				SWIFT_VERSION = 5.0;
				TARGETED_DEVICE_FAMILY = "1,2";
				TEST_TARGET_NAME = Navigation;
			};
			name = Debug;
		};
		A3C327FF2C8F4F7300972AAC /* Release */ = {
			isa = XCBuildConfiguration;
			buildSettings = {
				CODE_SIGN_STYLE = Automatic;
				CURRENT_PROJECT_VERSION = 1;
				DEVELOPMENT_TEAM = DG4449RVDY;
				GENERATE_INFOPLIST_FILE = YES;
				MARKETING_VERSION = 1.0;
				PRODUCT_BUNDLE_IDENTIFIER = com.gc.NavigationUITests;
				PRODUCT_NAME = "$(TARGET_NAME)";
				SWIFT_EMIT_LOC_STRINGS = NO;
				SWIFT_VERSION = 5.0;
				TARGETED_DEVICE_FAMILY = "1,2";
				TEST_TARGET_NAME = Navigation;
			};
			name = Release;
		};
/* End XCBuildConfiguration section */

/* Begin XCConfigurationList section */
		A3C327CE2C8F4F7100972AAC /* Build configuration list for PBXProject "Navigation" */ = {
			isa = XCConfigurationList;
			buildConfigurations = (
				A3C327F52C8F4F7300972AAC /* Debug */,
				A3C327F62C8F4F7300972AAC /* Release */,
			);
			defaultConfigurationIsVisible = 0;
			defaultConfigurationName = Release;
		};
		A3C327F72C8F4F7300972AAC /* Build configuration list for PBXNativeTarget "Navigation" */ = {
			isa = XCConfigurationList;
			buildConfigurations = (
				A3C327F82C8F4F7300972AAC /* Debug */,
				A3C327F92C8F4F7300972AAC /* Release */,
			);
			defaultConfigurationIsVisible = 0;
			defaultConfigurationName = Release;
		};
		A3C327FA2C8F4F7300972AAC /* Build configuration list for PBXNativeTarget "NavigationTests" */ = {
			isa = XCConfigurationList;
			buildConfigurations = (
				A3C327FB2C8F4F7300972AAC /* Debug */,
				A3C327FC2C8F4F7300972AAC /* Release */,
			);
			defaultConfigurationIsVisible = 0;
			defaultConfigurationName = Release;
		};
		A3C327FD2C8F4F7300972AAC /* Build configuration list for PBXNativeTarget "NavigationUITests" */ = {
			isa = XCConfigurationList;
			buildConfigurations = (
				A3C327FE2C8F4F7300972AAC /* Debug */,
				A3C327FF2C8F4F7300972AAC /* Release */,
			);
			defaultConfigurationIsVisible = 0;
			defaultConfigurationName = Release;
		};
/* End XCConfigurationList section */
	};
	rootObject = A3C327CB2C8F4F7100972AAC /* Project object */;
}
